
Microsoft Visual Studio Solution File, Format Version 12.00
# Visual Studio 15
VisualStudioVersion = 15.0.28307.1022
MinimumVisualStudioVersion = 10.0.40219.1
Project("{9A19103F-16F7-4668-BE54-9A1E7A4F7556}") = "FullCRUDImplementsWithJquery.Core", "FullCRUDImplementsWithJquery.Core\FullCRUDImplementsWithJquery.Core.csproj", "{5F83E81B-BF0F-40AF-9F52-A22A478CB5F1}"
EndProject
Project("{9A19103F-16F7-4668-BE54-9A1E7A4F7556}") = "FullCRUDImplementsWithJquery.Data", "FullCRUDImplementsWithJquery.Data\FullCRUDImplementsWithJquery.Data.csproj", "{87010F99-4806-4884-8AFE-2E89666A19E2}"
EndProject
Project("{9A19103F-16F7-4668-BE54-9A1E7A4F7556}") = "FullCRUDImplementsWithJquery.Service", "FullCRUDImplementsWithJquery.Service\FullCRUDImplementsWithJquery.Service.csproj", "{7B4D9301-B4DB-416C-88F1-635A76ECD40A}"
EndProject
Project("{9A19103F-16F7-4668-BE54-9A1E7A4F7556}") = "FullCRUDImplementsWithJquery.API", "FullCRUDImplementsWithJquery.API\FullCRUDImplementsWithJquery.API.csproj", "{06B488A8-5567-48E4-BC52-2087E4AA7E7F}"
EndProject
Global
	GlobalSection(SolutionConfigurationPlatforms) = preSolution
		Debug|Any CPU = Debug|Any CPU
		Release|Any CPU = Release|Any CPU
	EndGlobalSection
	GlobalSection(ProjectConfigurationPlatforms) = postSolution
		{5F83E81B-BF0F-40AF-9F52-A22A478CB5F1}.Debug|Any CPU.ActiveCfg = Debug|Any CPU
		{5F83E81B-BF0F-40AF-9F52-A22A478CB5F1}.Debug|Any CPU.Build.0 = Debug|Any CPU
		{5F83E81B-BF0F-40AF-9F52-A22A478CB5F1}.Release|Any CPU.ActiveCfg = Release|Any CPU
		{5F83E81B-BF0F-40AF-9F52-A22A478CB5F1}.Release|Any CPU.Build.0 = Release|Any CPU
		{87010F99-4806-4884-8AFE-2E89666A19E2}.Debug|Any CPU.ActiveCfg = Debug|Any CPU
		{87010F99-4806-4884-8AFE-2E89666A19E2}.Debug|Any CPU.Build.0 = Debug|Any CPU
		{87010F99-4806-4884-8AFE-2E89666A19E2}.Release|Any CPU.ActiveCfg = Release|Any CPU
		{87010F99-4806-4884-8AFE-2E89666A19E2}.Release|Any CPU.Build.0 = Release|Any CPU
		{7B4D9301-B4DB-416C-88F1-635A76ECD40A}.Debug|Any CPU.ActiveCfg = Debug|Any CPU
		{7B4D9301-B4DB-416C-88F1-635A76ECD40A}.Debug|Any CPU.Build.0 = Debug|Any CPU
		{7B4D9301-B4DB-416C-88F1-635A76ECD40A}.Release|Any CPU.ActiveCfg = Release|Any CPU
		{7B4D9301-B4DB-416C-88F1-635A76ECD40A}.Release|Any CPU.Build.0 = Release|Any CPU
		{06B488A8-5567-48E4-BC52-2087E4AA7E7F}.Debug|Any CPU.ActiveCfg = Debug|Any CPU
		{06B488A8-5567-48E4-BC52-2087E4AA7E7F}.Debug|Any CPU.Build.0 = Debug|Any CPU
		{06B488A8-5567-48E4-BC52-2087E4AA7E7F}.Release|Any CPU.ActiveCfg = Release|Any CPU
		{06B488A8-5567-48E4-BC52-2087E4AA7E7F}.Release|Any CPU.Build.0 = Release|Any CPU
	EndGlobalSection
	GlobalSection(SolutionProperties) = preSolution
		HideSolutionNode = FALSE
	EndGlobalSection
	GlobalSection(ExtensibilityGlobals) = postSolution
		SolutionGuid = {0CC7C646-3C82-4939-B3BA-9AA0704A6C1A}
	EndGlobalSection
EndGlobal
